
Microsoft Visual Studio Solution File, Format Version 12.00
# Visual Studio Version 16
VisualStudioVersion = 16.0.30907.101
MinimumVisualStudioVersion = 10.0.40219.1
Project("{2150E333-8FDC-42A3-9474-1A3956D46DE8}") = "20. Application", "20. Application", "{F85A26D9-4CF9-451E-942A-A50C4E6D9F36}"
EndProject
Project("{2150E333-8FDC-42A3-9474-1A3956D46DE8}") = "30. Infrastructure", "30. Infrastructure", "{1542BFFB-2C1B-4B69-A83A-2FBC39C71053}"
EndProject
Project("{2150E333-8FDC-42A3-9474-1A3956D46DE8}") = "40. WebApi", "40. WebApi", "{DC3F822F-104F-414C-AE5A-779C791C026D}"
EndProject
Project("{2150E333-8FDC-42A3-9474-1A3956D46DE8}") = "50. SharedKernel", "50. SharedKernel", "{78FA15C7-F182-42EB-9AEE-17F9E2AD4434}"
EndProject
Project("{2150E333-8FDC-42A3-9474-1A3956D46DE8}") = "10. Domain", "10. Domain", "{77803F59-EB54-43BF-BB53-C46537E4A754}"
EndProject
Project("{9A19103F-16F7-4668-BE54-9A1E7A4F7556}") = "TodoList.Domain", "TodoList.Domain\TodoList.Domain.csproj", "{7268381B-9BD7-4E0C-9EB7-193673C5CED5}"
EndProject
Project("{9A19103F-16F7-4668-BE54-9A1E7A4F7556}") = "TodoList.Domain.UnitTests", "TodoList.Domain.UnitTests\TodoList.Domain.UnitTests.csproj", "{A9EFBD1E-E659-4D73-BF51-733433795ACF}"
EndProject
Project("{9A19103F-16F7-4668-BE54-9A1E7A4F7556}") = "TodoList.Application", "TodoList.Application\TodoList.Application.csproj", "{A9DAF7BB-4D60-4281-BCAE-742FEBA3DC32}"
EndProject
Project("{9A19103F-16F7-4668-BE54-9A1E7A4F7556}") = "TodoList.Application.UnitTests", "TodoList.Application.UnitTests\TodoList.Application.UnitTests.csproj", "{10DF9453-A296-4334-A8ED-229FDF96AE08}"
EndProject
Project("{9A19103F-16F7-4668-BE54-9A1E7A4F7556}") = "TodoList.Infrastructure", "TodoList.Infrastructure\TodoList.Infrastructure.csproj", "{9A19FC57-4767-4DD4-9D62-C51EDA3B7C35}"
EndProject
Project("{9A19103F-16F7-4668-BE54-9A1E7A4F7556}") = "TodoList.Infrastructure.UnitTests", "TodoList.Infrastructure.UnitTests\TodoList.Infrastructure.UnitTests.csproj", "{320877BA-5F00-44BD-83D7-5F9E01F07E14}"
EndProject
Project("{9A19103F-16F7-4668-BE54-9A1E7A4F7556}") = "TodoList.WebApi", "TodoList.WebApi\TodoList.WebApi.csproj", "{86915309-21B5-48F9-B6B6-286F759824BC}"
EndProject
Project("{9A19103F-16F7-4668-BE54-9A1E7A4F7556}") = "TodoList.WebApi.UnitTests", "TodoList.WebApi.UnitTests\TodoList.WebApi.UnitTests.csproj", "{8BAF3112-2952-4C0B-85B3-C56756769A01}"
EndProject
Project("{9A19103F-16F7-4668-BE54-9A1E7A4F7556}") = "TodoList.WebApi.IntegrationTests", "TodoList.WebApi.IntegrationTests\TodoList.WebApi.IntegrationTests.csproj", "{BF6AEB26-74F2-424D-8C54-6AFCE20C4237}"
EndProject
Project("{9A19103F-16F7-4668-BE54-9A1E7A4F7556}") = "TodoList.SharedKernel.WebApi", "TodoList.Shared\TodoList.SharedKernel.WebApi.csproj", "{D5091044-D369-4C2C-9319-BC0957DEE339}"
EndProject
Project("{9A19103F-16F7-4668-BE54-9A1E7A4F7556}") = "TodoList.SharedKernel.Repository", "TodoList.SharedKernel.Repository\TodoList.SharedKernel.Repository.csproj", "{E1F2E611-09AC-4B69-86F9-C77A9FD3F410}"
EndProject
Project("{9A19103F-16F7-4668-BE54-9A1E7A4F7556}") = "TodoList.SharedKernel.Api", "TodoList.SharedKernel.Api\TodoList.SharedKernel.Api.csproj", "{7731BF9C-23B1-470B-A5A9-3050EFA6B7BD}"
EndProject
Global
	GlobalSection(SolutionConfigurationPlatforms) = preSolution
		Debug|Any CPU = Debug|Any CPU
		Release|Any CPU = Release|Any CPU
	EndGlobalSection
	GlobalSection(ProjectConfigurationPlatforms) = postSolution
		{7268381B-9BD7-4E0C-9EB7-193673C5CED5}.Debug|Any CPU.ActiveCfg = Debug|Any CPU
		{7268381B-9BD7-4E0C-9EB7-193673C5CED5}.Debug|Any CPU.Build.0 = Debug|Any CPU
		{7268381B-9BD7-4E0C-9EB7-193673C5CED5}.Release|Any CPU.ActiveCfg = Release|Any CPU
		{7268381B-9BD7-4E0C-9EB7-193673C5CED5}.Release|Any CPU.Build.0 = Release|Any CPU
		{A9EFBD1E-E659-4D73-BF51-733433795ACF}.Debug|Any CPU.ActiveCfg = Debug|Any CPU
		{A9EFBD1E-E659-4D73-BF51-733433795ACF}.Debug|Any CPU.Build.0 = Debug|Any CPU
		{A9EFBD1E-E659-4D73-BF51-733433795ACF}.Release|Any CPU.ActiveCfg = Release|Any CPU
		{A9EFBD1E-E659-4D73-BF51-733433795ACF}.Release|Any CPU.Build.0 = Release|Any CPU
		{A9DAF7BB-4D60-4281-BCAE-742FEBA3DC32}.Debug|Any CPU.ActiveCfg = Debug|Any CPU
		{A9DAF7BB-4D60-4281-BCAE-742FEBA3DC32}.Debug|Any CPU.Build.0 = Debug|Any CPU
		{A9DAF7BB-4D60-4281-BCAE-742FEBA3DC32}.Release|Any CPU.ActiveCfg = Release|Any CPU
		{A9DAF7BB-4D60-4281-BCAE-742FEBA3DC32}.Release|Any CPU.Build.0 = Release|Any CPU
		{10DF9453-A296-4334-A8ED-229FDF96AE08}.Debug|Any CPU.ActiveCfg = Debug|Any CPU
		{10DF9453-A296-4334-A8ED-229FDF96AE08}.Debug|Any CPU.Build.0 = Debug|Any CPU
		{10DF9453-A296-4334-A8ED-229FDF96AE08}.Release|Any CPU.ActiveCfg = Release|Any CPU
		{10DF9453-A296-4334-A8ED-229FDF96AE08}.Release|Any CPU.Build.0 = Release|Any CPU
		{9A19FC57-4767-4DD4-9D62-C51EDA3B7C35}.Debug|Any CPU.ActiveCfg = Debug|Any CPU
		{9A19FC57-4767-4DD4-9D62-C51EDA3B7C35}.Debug|Any CPU.Build.0 = Debug|Any CPU
		{9A19FC57-4767-4DD4-9D62-C51EDA3B7C35}.Release|Any CPU.ActiveCfg = Release|Any CPU
		{9A19FC57-4767-4DD4-9D62-C51EDA3B7C35}.Release|Any CPU.Build.0 = Release|Any CPU
		{320877BA-5F00-44BD-83D7-5F9E01F07E14}.Debug|Any CPU.ActiveCfg = Debug|Any CPU
		{320877BA-5F00-44BD-83D7-5F9E01F07E14}.Debug|Any CPU.Build.0 = Debug|Any CPU
		{320877BA-5F00-44BD-83D7-5F9E01F07E14}.Release|Any CPU.ActiveCfg = Release|Any CPU
		{320877BA-5F00-44BD-83D7-5F9E01F07E14}.Release|Any CPU.Build.0 = Release|Any CPU
		{86915309-21B5-48F9-B6B6-286F759824BC}.Debug|Any CPU.ActiveCfg = Debug|Any CPU
		{86915309-21B5-48F9-B6B6-286F759824BC}.Debug|Any CPU.Build.0 = Debug|Any CPU
		{86915309-21B5-48F9-B6B6-286F759824BC}.Release|Any CPU.ActiveCfg = Release|Any CPU
		{86915309-21B5-48F9-B6B6-286F759824BC}.Release|Any CPU.Build.0 = Release|Any CPU
		{8BAF3112-2952-4C0B-85B3-C56756769A01}.Debug|Any CPU.ActiveCfg = Debug|Any CPU
		{8BAF3112-2952-4C0B-85B3-C56756769A01}.Debug|Any CPU.Build.0 = Debug|Any CPU
		{8BAF3112-2952-4C0B-85B3-C56756769A01}.Release|Any CPU.ActiveCfg = Release|Any CPU
		{8BAF3112-2952-4C0B-85B3-C56756769A01}.Release|Any CPU.Build.0 = Release|Any CPU
		{BF6AEB26-74F2-424D-8C54-6AFCE20C4237}.Debug|Any CPU.ActiveCfg = Debug|Any CPU
		{BF6AEB26-74F2-424D-8C54-6AFCE20C4237}.Debug|Any CPU.Build.0 = Debug|Any CPU
		{BF6AEB26-74F2-424D-8C54-6AFCE20C4237}.Release|Any CPU.ActiveCfg = Release|Any CPU
		{BF6AEB26-74F2-424D-8C54-6AFCE20C4237}.Release|Any CPU.Build.0 = Release|Any CPU
		{D5091044-D369-4C2C-9319-BC0957DEE339}.Debug|Any CPU.ActiveCfg = Debug|Any CPU
		{D5091044-D369-4C2C-9319-BC0957DEE339}.Debug|Any CPU.Build.0 = Debug|Any CPU
		{D5091044-D369-4C2C-9319-BC0957DEE339}.Release|Any CPU.ActiveCfg = Release|Any CPU
		{D5091044-D369-4C2C-9319-BC0957DEE339}.Release|Any CPU.Build.0 = Release|Any CPU
		{E1F2E611-09AC-4B69-86F9-C77A9FD3F410}.Debug|Any CPU.ActiveCfg = Debug|Any CPU
		{E1F2E611-09AC-4B69-86F9-C77A9FD3F410}.Debug|Any CPU.Build.0 = Debug|Any CPU
		{E1F2E611-09AC-4B69-86F9-C77A9FD3F410}.Release|Any CPU.ActiveCfg = Release|Any CPU
		{E1F2E611-09AC-4B69-86F9-C77A9FD3F410}.Release|Any CPU.Build.0 = Release|Any CPU
		{7731BF9C-23B1-470B-A5A9-3050EFA6B7BD}.Debug|Any CPU.ActiveCfg = Debug|Any CPU
		{7731BF9C-23B1-470B-A5A9-3050EFA6B7BD}.Debug|Any CPU.Build.0 = Debug|Any CPU
		{7731BF9C-23B1-470B-A5A9-3050EFA6B7BD}.Release|Any CPU.ActiveCfg = Release|Any CPU
		{7731BF9C-23B1-470B-A5A9-3050EFA6B7BD}.Release|Any CPU.Build.0 = Release|Any CPU
	EndGlobalSection
	GlobalSection(SolutionProperties) = preSolution
		HideSolutionNode = FALSE
	EndGlobalSection
	GlobalSection(NestedProjects) = preSolution
		{7268381B-9BD7-4E0C-9EB7-193673C5CED5} = {77803F59-EB54-43BF-BB53-C46537E4A754}
		{A9EFBD1E-E659-4D73-BF51-733433795ACF} = {77803F59-EB54-43BF-BB53-C46537E4A754}
		{A9DAF7BB-4D60-4281-BCAE-742FEBA3DC32} = {F85A26D9-4CF9-451E-942A-A50C4E6D9F36}
		{10DF9453-A296-4334-A8ED-229FDF96AE08} = {F85A26D9-4CF9-451E-942A-A50C4E6D9F36}
		{9A19FC57-4767-4DD4-9D62-C51EDA3B7C35} = {1542BFFB-2C1B-4B69-A83A-2FBC39C71053}
		{320877BA-5F00-44BD-83D7-5F9E01F07E14} = {1542BFFB-2C1B-4B69-A83A-2FBC39C71053}
		{86915309-21B5-48F9-B6B6-286F759824BC} = {DC3F822F-104F-414C-AE5A-779C791C026D}
		{8BAF3112-2952-4C0B-85B3-C56756769A01} = {DC3F822F-104F-414C-AE5A-779C791C026D}
		{BF6AEB26-74F2-424D-8C54-6AFCE20C4237} = {DC3F822F-104F-414C-AE5A-779C791C026D}
		{D5091044-D369-4C2C-9319-BC0957DEE339} = {78FA15C7-F182-42EB-9AEE-17F9E2AD4434}
		{E1F2E611-09AC-4B69-86F9-C77A9FD3F410} = {78FA15C7-F182-42EB-9AEE-17F9E2AD4434}
		{7731BF9C-23B1-470B-A5A9-3050EFA6B7BD} = {78FA15C7-F182-42EB-9AEE-17F9E2AD4434}
	EndGlobalSection
	GlobalSection(ExtensibilityGlobals) = postSolution
		SolutionGuid = {C0CD0A5C-EBC2-48C3-A168-69B034263DD7}
	EndGlobalSection
EndGlobal
